
Microsoft Visual Studio Solution File, Format Version 12.00
# Visual Studio Version 16
VisualStudioVersion = 16.0.29519.181
MinimumVisualStudioVersion = 10.0.40219.1
Project("{9A19103F-16F7-4668-BE54-9A1E7A4F7556}") = "MvcMovie", "Cw11\MvcMovie.csproj", "{14EA7147-86E4-44A5-8312-1BE1254EA43F}"
EndProject
Global
	GlobalSection(SolutionConfigurationPlatforms) = preSolution
		Debug|Any CPU = Debug|Any CPU
		Release|Any CPU = Release|Any CPU
	EndGlobalSection
	GlobalSection(ProjectConfigurationPlatforms) = postSolution
		{14EA7147-86E4-44A5-8312-1BE1254EA43F}.Debug|Any CPU.ActiveCfg = Debug|Any CPU
		{14EA7147-86E4-44A5-8312-1BE1254EA43F}.Debug|Any CPU.Build.0 = Debug|Any CPU
		{14EA7147-86E4-44A5-8312-1BE1254EA43F}.Release|Any CPU.ActiveCfg = Release|Any CPU
		{14EA7147-86E4-44A5-8312-1BE1254EA43F}.Release|Any CPU.Build.0 = Release|Any CPU
	EndGlobalSection
	GlobalSection(SolutionProperties) = preSolution
		HideSolutionNode = FALSE
	EndGlobalSection
	GlobalSection(ExtensibilityGlobals) = postSolution
		SolutionGuid = {1ADBCF33-CA0E-452D-95F8-3F111AE68B60}
	EndGlobalSection
EndGlobal
